{
    "_meta": {
        "hash": {
            "sha256": "a93a973d63707d09fead5c2d1d858adf94fc48ba4e5d5ae03035a29008ba362a"
        },
        "pipfile-spec": 6,
        "requires": {
            "python_full_version": "3.11.4",
            "python_version": "3.11"
        },
        "sources": [
            {
                "name": "pypi",
                "url": "https://pypi.org/simple",
                "verify_ssl": true
            }
        ]
    },
    "default": {
        "pyotp": {
            "hashes": [
                "sha256:346b6642e0dbdde3b4ff5a930b664ca82abfa116356ed48cc42c7d6590d36f63",
                "sha256:81c2e5865b8ac55e825b0358e496e1d9387c811e85bb40e71a3b29b288963612"
            ],
            "index": "pypi",
            "markers": "python_version >= '3.7'",
            "version": "==2.9.0"
        }
    },
    "develop": {}
}
